
Microsoft Visual Studio Solution File, Format Version 12.00
# Visual Studio Version 16
VisualStudioVersion = 16.0.29324.140
MinimumVisualStudioVersion = 10.0.40219.1
Project("{FAE04EC0-301F-11D3-BF4B-00C04F79EFBC}") = "Sonic3AIR_ModManager", "Sonic3AIR_ModManager\Sonic3AIR_ModManager.csproj", "{74887941-CE31-48E7-A4EF-75C52EC6415E}"
EndProject
Project("{FAE04EC0-301F-11D3-BF4B-00C04F79EFBC}") = "AIR-API", "AIR-API\AIR-API\AIR-API.csproj", "{4311F3B1-E4A1-401C-BC13-E5E80254242E}"
EndProject
Project("{FAE04EC0-301F-11D3-BF4B-00C04F79EFBC}") = "Sonic3AIR_MM_GBAPIInstaller", "AIR_Protocol_Handler\Sonic3AIR_MM_GBAPIInstaller.csproj", "{11A257A9-07AC-43C5-8705-808B7AFD644B}"
EndProject
Project("{FAE04EC0-301F-11D3-BF4B-00C04F79EFBC}") = "GenerationsLib.WPF", "..\GenerationsLib\GenerationsLib.WPF\GenerationsLib.WPF.csproj", "{335800A2-F482-4AE6-9017-57D7C3C52110}"
EndProject
Project("{FAE04EC0-301F-11D3-BF4B-00C04F79EFBC}") = "GenerationsLib.Core", "..\GenerationsLib\GenerationsLib.Core\GenerationsLib.Core.csproj", "{51CA42A9-58F0-4F3D-A250-BC22D8A8540E}"
EndProject
Global
	GlobalSection(SolutionConfigurationPlatforms) = preSolution
		Debug|Any CPU = Debug|Any CPU
		Debug|x86 = Debug|x86
		Publish|Any CPU = Publish|Any CPU
		Publish|x86 = Publish|x86
		Release|Any CPU = Release|Any CPU
		Release|x86 = Release|x86
	EndGlobalSection
	GlobalSection(ProjectConfigurationPlatforms) = postSolution
		{74887941-CE31-48E7-A4EF-75C52EC6415E}.Debug|Any CPU.ActiveCfg = Debug|Any CPU
		{74887941-CE31-48E7-A4EF-75C52EC6415E}.Debug|Any CPU.Build.0 = Debug|Any CPU
		{74887941-CE31-48E7-A4EF-75C52EC6415E}.Debug|x86.ActiveCfg = Debug|x86
		{74887941-CE31-48E7-A4EF-75C52EC6415E}.Debug|x86.Build.0 = Debug|x86
		{74887941-CE31-48E7-A4EF-75C52EC6415E}.Publish|Any CPU.ActiveCfg = Publish|Any CPU
		{74887941-CE31-48E7-A4EF-75C52EC6415E}.Publish|Any CPU.Build.0 = Publish|Any CPU
		{74887941-CE31-48E7-A4EF-75C52EC6415E}.Publish|x86.ActiveCfg = Publish|x86
		{74887941-CE31-48E7-A4EF-75C52EC6415E}.Publish|x86.Build.0 = Publish|x86
		{74887941-CE31-48E7-A4EF-75C52EC6415E}.Release|Any CPU.ActiveCfg = Release|Any CPU
		{74887941-CE31-48E7-A4EF-75C52EC6415E}.Release|Any CPU.Build.0 = Release|Any CPU
		{74887941-CE31-48E7-A4EF-75C52EC6415E}.Release|x86.ActiveCfg = Release|x86
		{74887941-CE31-48E7-A4EF-75C52EC6415E}.Release|x86.Build.0 = Release|x86
		{4311F3B1-E4A1-401C-BC13-E5E80254242E}.Debug|Any CPU.ActiveCfg = Debug|Any CPU
		{4311F3B1-E4A1-401C-BC13-E5E80254242E}.Debug|Any CPU.Build.0 = Debug|Any CPU
		{4311F3B1-E4A1-401C-BC13-E5E80254242E}.Debug|x86.ActiveCfg = Debug|x86
		{4311F3B1-E4A1-401C-BC13-E5E80254242E}.Debug|x86.Build.0 = Debug|x86
		{4311F3B1-E4A1-401C-BC13-E5E80254242E}.Publish|Any CPU.ActiveCfg = Publish|Any CPU
		{4311F3B1-E4A1-401C-BC13-E5E80254242E}.Publish|Any CPU.Build.0 = Publish|Any CPU
		{4311F3B1-E4A1-401C-BC13-E5E80254242E}.Publish|x86.ActiveCfg = Publish|x86
		{4311F3B1-E4A1-401C-BC13-E5E80254242E}.Publish|x86.Build.0 = Publish|x86
		{4311F3B1-E4A1-401C-BC13-E5E80254242E}.Release|Any CPU.ActiveCfg = Release|Any CPU
		{4311F3B1-E4A1-401C-BC13-E5E80254242E}.Release|Any CPU.Build.0 = Release|Any CPU
		{4311F3B1-E4A1-401C-BC13-E5E80254242E}.Release|x86.ActiveCfg = Release|x86
		{4311F3B1-E4A1-401C-BC13-E5E80254242E}.Release|x86.Build.0 = Release|x86
		{11A257A9-07AC-43C5-8705-808B7AFD644B}.Debug|Any CPU.ActiveCfg = Debug|Any CPU
		{11A257A9-07AC-43C5-8705-808B7AFD644B}.Debug|Any CPU.Build.0 = Debug|Any CPU
		{11A257A9-07AC-43C5-8705-808B7AFD644B}.Debug|x86.ActiveCfg = Debug|x86
		{11A257A9-07AC-43C5-8705-808B7AFD644B}.Debug|x86.Build.0 = Debug|x86
		{11A257A9-07AC-43C5-8705-808B7AFD644B}.Publish|Any CPU.ActiveCfg = Publish|Any CPU
		{11A257A9-07AC-43C5-8705-808B7AFD644B}.Publish|Any CPU.Build.0 = Publish|Any CPU
		{11A257A9-07AC-43C5-8705-808B7AFD644B}.Publish|x86.ActiveCfg = Publish|x86
		{11A257A9-07AC-43C5-8705-808B7AFD644B}.Publish|x86.Build.0 = Publish|x86
		{11A257A9-07AC-43C5-8705-808B7AFD644B}.Release|Any CPU.ActiveCfg = Release|Any CPU
		{11A257A9-07AC-43C5-8705-808B7AFD644B}.Release|Any CPU.Build.0 = Release|Any CPU
		{11A257A9-07AC-43C5-8705-808B7AFD644B}.Release|x86.ActiveCfg = Release|x86
		{11A257A9-07AC-43C5-8705-808B7AFD644B}.Release|x86.Build.0 = Release|x86
		{335800A2-F482-4AE6-9017-57D7C3C52110}.Debug|Any CPU.ActiveCfg = Debug|Any CPU
		{335800A2-F482-4AE6-9017-57D7C3C52110}.Debug|Any CPU.Build.0 = Debug|Any CPU
		{335800A2-F482-4AE6-9017-57D7C3C52110}.Debug|x86.ActiveCfg = Debug|x86
		{335800A2-F482-4AE6-9017-57D7C3C52110}.Debug|x86.Build.0 = Debug|x86
		{335800A2-F482-4AE6-9017-57D7C3C52110}.Publish|Any CPU.ActiveCfg = Release|Any CPU
		{335800A2-F482-4AE6-9017-57D7C3C52110}.Publish|Any CPU.Build.0 = Release|Any CPU
		{335800A2-F482-4AE6-9017-57D7C3C52110}.Publish|x86.ActiveCfg = Release|x86
		{335800A2-F482-4AE6-9017-57D7C3C52110}.Publish|x86.Build.0 = Release|x86
		{335800A2-F482-4AE6-9017-57D7C3C52110}.Release|Any CPU.ActiveCfg = Release|Any CPU
		{335800A2-F482-4AE6-9017-57D7C3C52110}.Release|Any CPU.Build.0 = Release|Any CPU
		{335800A2-F482-4AE6-9017-57D7C3C52110}.Release|x86.ActiveCfg = Release|x86
		{335800A2-F482-4AE6-9017-57D7C3C52110}.Release|x86.Build.0 = Release|x86
		{51CA42A9-58F0-4F3D-A250-BC22D8A8540E}.Debug|Any CPU.ActiveCfg = Debug|Any CPU
		{51CA42A9-58F0-4F3D-A250-BC22D8A8540E}.Debug|Any CPU.Build.0 = Debug|Any CPU
		{51CA42A9-58F0-4F3D-A250-BC22D8A8540E}.Debug|x86.ActiveCfg = Debug|Any CPU
		{51CA42A9-58F0-4F3D-A250-BC22D8A8540E}.Debug|x86.Build.0 = Debug|Any CPU
		{51CA42A9-58F0-4F3D-A250-BC22D8A8540E}.Publish|Any CPU.ActiveCfg = Release|Any CPU
		{51CA42A9-58F0-4F3D-A250-BC22D8A8540E}.Publish|Any CPU.Build.0 = Release|Any CPU
		{51CA42A9-58F0-4F3D-A250-BC22D8A8540E}.Publish|x86.ActiveCfg = Release|Any CPU
		{51CA42A9-58F0-4F3D-A250-BC22D8A8540E}.Publish|x86.Build.0 = Release|Any CPU
		{51CA42A9-58F0-4F3D-A250-BC22D8A8540E}.Release|Any CPU.ActiveCfg = Release|Any CPU
		{51CA42A9-58F0-4F3D-A250-BC22D8A8540E}.Release|Any CPU.Build.0 = Release|Any CPU
		{51CA42A9-58F0-4F3D-A250-BC22D8A8540E}.Release|x86.ActiveCfg = Release|Any CPU
		{51CA42A9-58F0-4F3D-A250-BC22D8A8540E}.Release|x86.Build.0 = Release|Any CPU
	EndGlobalSection
	GlobalSection(SolutionProperties) = preSolution
		HideSolutionNode = FALSE
	EndGlobalSection
	GlobalSection(ExtensibilityGlobals) = postSolution
		SolutionGuid = {2699B94D-D0F2-4673-9FD5-6E1B84EBF8E9}
	EndGlobalSection
EndGlobal
